// !$*UTF8*$!
{
	archiveVersion = 1;
	classes = {
	};
	objectVersion = 46;
	objects = {

/* Begin PBXBuildFile section */
		4652E44D1BD38C82009C36FA /* AppDelegate.swift in Sources */ = {isa = PBXBuildFile; fileRef = 4652E44C1BD38C82009C36FA /* AppDelegate.swift */; };
		4652E44F1BD38C82009C36FA /* ViewController.swift in Sources */ = {isa = PBXBuildFile; fileRef = 4652E44E1BD38C82009C36FA /* ViewController.swift */; };
		4652E4521BD38C82009C36FA /* Main.storyboard in Resources */ = {isa = PBXBuildFile; fileRef = 4652E4501BD38C82009C36FA /* Main.storyboard */; };
		4652E4541BD38C82009C36FA /* Assets.xcassets in Resources */ = {isa = PBXBuildFile; fileRef = 4652E4531BD38C82009C36FA /* Assets.xcassets */; };
		4652E4571BD38C82009C36FA /* LaunchScreen.storyboard in Resources */ = {isa = PBXBuildFile; fileRef = 4652E4551BD38C82009C36FA /* LaunchScreen.storyboard */; };
		4652E4601BD38FF8009C36FA /* CloudKit.framework in Frameworks */ = {isa = PBXBuildFile; fileRef = 4652E45F1BD38FF8009C36FA /* CloudKit.framework */; };
/* End PBXBuildFile section */

/* Begin PBXFileReference section */
		4652E4491BD38C82009C36FA /* LocalHealth.app */ = {isa = PBXFileReference; explicitFileType = wrapper.application; includeInIndex = 0; path = LocalHealth.app; sourceTree = BUILT_PRODUCTS_DIR; };
		4652E44C1BD38C82009C36FA /* AppDelegate.swift */ = {isa = PBXFileReference; lastKnownFileType = sourcecode.swift; path = AppDelegate.swift; sourceTree = "<group>"; };
		4652E44E1BD38C82009C36FA /* ViewController.swift */ = {isa = PBXFileReference; lastKnownFileType = sourcecode.swift; path = ViewController.swift; sourceTree = "<group>"; };
		4652E4511BD38C82009C36FA /* Base */ = {isa = PBXFileReference; lastKnownFileType = file.storyboard; name = Base; path = Base.lproj/Main.storyboard; sourceTree = "<group>"; };
		4652E4531BD38C82009C36FA /* Assets.xcassets */ = {isa = PBXFileReference; lastKnownFileType = folder.assetcatalog; path = Assets.xcassets; sourceTree = "<group>"; };
		4652E4561BD38C82009C36FA /* Base */ = {isa = PBXFileReference; lastKnownFileType = file.storyboard; name = Base; path = Base.lproj/LaunchScreen.storyboard; sourceTree = "<group>"; };
		4652E4581BD38C82009C36FA /* Info.plist */ = {isa = PBXFileReference; lastKnownFileType = text.plist.xml; path = Info.plist; sourceTree = "<group>"; };
		4652E45E1BD38FEF009C36FA /* LocalHealth.entitlements */ = {isa = PBXFileReference; lastKnownFileType = text.xml; path = LocalHealth.entitlements; sourceTree = "<group>"; };
		4652E45F1BD38FF8009C36FA /* CloudKit.framework */ = {isa = PBXFileReference; lastKnownFileType = wrapper.framework; name = CloudKit.framework; path = System/Library/Frameworks/CloudKit.framework; sourceTree = SDKROOT; };
/* End PBXFileReference section */

/* Begin PBXFrameworksBuildPhase section */
		4652E4461BD38C82009C36FA /* Frameworks */ = {
			isa = PBXFrameworksBuildPhase;
			buildActionMask = 2147483647;
			files = (
				4652E4601BD38FF8009C36FA /* CloudKit.framework in Frameworks */,
			);
			runOnlyForDeploymentPostprocessing = 0;
		};
/* End PBXFrameworksBuildPhase section */

/* Begin PBXGroup section */
		4652E4401BD38C82009C36FA = {
			isa = PBXGroup;
			children = (
				4652E45F1BD38FF8009C36FA /* CloudKit.framework */,
				4652E44B1BD38C82009C36FA /* LocalHealth */,
				4652E44A1BD38C82009C36FA /* Products */,
			);
			sourceTree = "<group>";
		};
		4652E44A1BD38C82009C36FA /* Products */ = {
			isa = PBXGroup;
			children = (
				4652E4491BD38C82009C36FA /* LocalHealth.app */,
			);
			name = Products;
			sourceTree = "<group>";
		};
		4652E44B1BD38C82009C36FA /* LocalHealth */ = {
			isa = PBXGroup;
			children = (
				4652E45E1BD38FEF009C36FA /* LocalHealth.entitlements */,
				4652E44C1BD38C82009C36FA /* AppDelegate.swift */,
				4652E44E1BD38C82009C36FA /* ViewController.swift */,
				4652E4501BD38C82009C36FA /* Main.storyboard */,
				4652E4531BD38C82009C36FA /* Assets.xcassets */,
				4652E4551BD38C82009C36FA /* LaunchScreen.storyboard */,
				4652E4581BD38C82009C36FA /* Info.plist */,
			);
			path = LocalHealth;
			sourceTree = "<group>";
		};
/* End PBXGroup section */

/* Begin PBXNativeTarget section */
		4652E4481BD38C82009C36FA /* LocalHealth */ = {
			isa = PBXNativeTarget;
			buildConfigurationList = 4652E45B1BD38C82009C36FA /* Build configuration list for PBXNativeTarget "LocalHealth" */;
			buildPhases = (
				4652E4451BD38C82009C36FA /* Sources */,
				4652E4461BD38C82009C36FA /* Frameworks */,
				4652E4471BD38C82009C36FA /* Resources */,
			);
			buildRules = (
			);
			dependencies = (
			);
			name = LocalHealth;
			productName = LocalHealth;
			productReference = 4652E4491BD38C82009C36FA /* LocalHealth.app */;
			productType = "com.apple.product-type.application";
		};
/* End PBXNativeTarget section */

/* Begin PBXProject section */
		4652E4411BD38C82009C36FA /* Project object */ = {
			isa = PBXProject;
			attributes = {
				LastUpgradeCheck = 0700;
				ORGANIZATIONNAME = GRL5;
				TargetAttributes = {
					4652E4481BD38C82009C36FA = {
						CreatedOnToolsVersion = 7.0.1;
						DevelopmentTeam = 8ZTTS3HC8X;
						SystemCapabilities = {
							com.apple.BackgroundModes = {
								enabled = 1;
							};
							com.apple.HealthKit = {
								enabled = 0;
							};
							com.apple.Push = {
								enabled = 1;
							};
							com.apple.iCloud = {
								enabled = 1;
							};
						};
					};
				};
			};
			buildConfigurationList = 4652E4441BD38C82009C36FA /* Build configuration list for PBXProject "LocalHealth" */;
			compatibilityVersion = "Xcode 3.2";
			developmentRegion = English;
			hasScannedForEncodings = 0;
			knownRegions = (
				en,
				Base,
			);
			mainGroup = 4652E4401BD38C82009C36FA;
			productRefGroup = 4652E44A1BD38C82009C36FA /* Products */;
			projectDirPath = "";
			projectRoot = "";
			targets = (
				4652E4481BD38C82009C36FA /* LocalHealth */,
			);
		};
/* End PBXProject section */

/* Begin PBXResourcesBuildPhase section */
		4652E4471BD38C82009C36FA /* Resources */ = {
			isa = PBXResourcesBuildPhase;
			buildActionMask = 2147483647;
			files = (
				4652E4571BD38C82009C36FA /* LaunchScreen.storyboard in Resources */,
				4652E4541BD38C82009C36FA /* Assets.xcassets in Resources */,
				4652E4521BD38C82009C36FA /* Main.storyboard in Resources */,
			);
			runOnlyForDeploymentPostprocessing = 0;
		};
/* End PBXResourcesBuildPhase section */

/* Begin PBXSourcesBuildPhase section */
		4652E4451BD38C82009C36FA /* Sources */ = {
			isa = PBXSourcesBuildPhase;
			buildActionMask = 2147483647;
			files = (
				4652E44F1BD38C82009C36FA /* ViewController.swift in Sources */,
				4652E44D1BD38C82009C36FA /* AppDelegate.swift in Sources */,
			);
			runOnlyForDeploymentPostprocessing = 0;
		};
/* End PBXSourcesBuildPhase section */

/* Begin PBXVariantGroup section */
		4652E4501BD38C82009C36FA /* Main.storyboard */ = {
			isa = PBXVariantGroup;
			children = (
				4652E4511BD38C82009C36FA /* Base */,
			);
			name = Main.storyboard;
			sourceTree = "<group>";
		};
		4652E4551BD38C82009C36FA /* LaunchScreen.storyboard */ = {
			isa = PBXVariantGroup;
			children = (
				4652E4561BD38C82009C36FA /* Base */,
			);
			name = LaunchScreen.storyboard;
			sourceTree = "<group>";
		};
/* End PBXVariantGroup section */

/* Begin XCBuildConfiguration section */
		4652E4591BD38C82009C36FA /* Debug */ = {
			isa = XCBuildConfiguration;
			buildSettings = {
				ALWAYS_SEARCH_USER_PATHS = NO;
				CLANG_CXX_LANGUAGE_STANDARD = "gnu++0x";
				CLANG_CXX_LIBRARY = "libc++";
				CLANG_ENABLE_MODULES = YES;
				CLANG_ENABLE_OBJC_ARC = YES;
				CLANG_WARN_BOOL_CONVERSION = YES;
				CLANG_WARN_CONSTANT_CONVERSION = YES;
				CLANG_WARN_DIRECT_OBJC_ISA_USAGE = YES_ERROR;
				CLANG_WARN_EMPTY_BODY = YES;
				CLANG_WARN_ENUM_CONVERSION = YES;
				CLANG_WARN_INT_CONVERSION = YES;
				CLANG_WARN_OBJC_ROOT_CLASS = YES_ERROR;
				CLANG_WARN_UNREACHABLE_CODE = YES;
				CLANG_WARN__DUPLICATE_METHOD_MATCH = YES;
				"CODE_SIGN_IDENTITY[sdk=iphoneos*]" = "iPhone Developer";
				COPY_PHASE_STRIP = NO;
				DEBUG_INFORMATION_FORMAT = dwarf;
				ENABLE_STRICT_OBJC_MSGSEND = YES;
				ENABLE_TESTABILITY = YES;
				GCC_C_LANGUAGE_STANDARD = gnu99;
				GCC_DYNAMIC_NO_PIC = NO;
				GCC_NO_COMMON_BLOCKS = YES;
				GCC_OPTIMIZATION_LEVEL = 0;
				GCC_PREPROCESSOR_DEFINITIONS = (
					"DEBUG=1",
					"$(inherited)",
				);
				GCC_WARN_64_TO_32_BIT_CONVERSION = YES;
				GCC_WARN_ABOUT_RETURN_TYPE = YES_ERROR;
				GCC_WARN_UNDECLARED_SELECTOR = YES;
				GCC_WARN_UNINITIALIZED_AUTOS = YES_AGGRESSIVE;
				GCC_WARN_UNUSED_FUNCTION = YES;
				GCC_WARN_UNUSED_VARIABLE = YES;
				IPHONEOS_DEPLOYMENT_TARGET = 9.0;
				MTL_ENABLE_DEBUG_INFO = YES;
				ONLY_ACTIVE_ARCH = YES;
				SDKROOT = iphoneos;
				SWIFT_OPTIMIZATION_LEVEL = "-Onone";
				TARGETED_DEVICE_FAMILY = "1,2";
			};
			name = Debug;
		};
		4652E45A1BD38C82009C36FA /* Release */ = {
			isa = XCBuildConfiguration;
			buildSettings = {
				ALWAYS_SEARCH_USER_PATHS = NO;
				CLANG_CXX_LANGUAGE_STANDARD = "gnu++0x";
				CLANG_CXX_LIBRARY = "libc++";
				CLANG_ENABLE_MODULES = YES;
				CLANG_ENABLE_OBJC_ARC = YES;
				CLANG_WARN_BOOL_CONVERSION = YES;
				CLANG_WARN_CONSTANT_CONVERSION = YES;
				CLANG_WARN_DIRECT_OBJC_ISA_USAGE = YES_ERROR;
				CLANG_WARN_EMPTY_BODY = YES;
				CLANG_WARN_ENUM_CONVERSION = YES;
				CLANG_WARN_INT_CONVERSION = YES;
				CLANG_WARN_OBJC_ROOT_CLASS = YES_ERROR;
				CLANG_WARN_UNREACHABLE_CODE = YES;
				CLANG_WARN__DUPLICATE_METHOD_MATCH = YES;
				"CODE_SIGN_IDENTITY[sdk=iphoneos*]" = "iPhone Developer";
				COPY_PHASE_STRIP = NO;
				DEBUG_INFORMATION_FORMAT = "dwarf-with-dsym";
				ENABLE_NS_ASSERTIONS = NO;
				ENABLE_STRICT_OBJC_MSGSEND = YES;
				GCC_C_LANGUAGE_STANDARD = gnu99;
				GCC_NO_COMMON_BLOCKS = YES;
				GCC_WARN_64_TO_32_BIT_CONVERSION = YES;
				GCC_WARN_ABOUT_RETURN_TYPE = YES_ERROR;
				GCC_WARN_UNDECLARED_SELECTOR = YES;
				GCC_WARN_UNINITIALIZED_AUTOS = YES_AGGRESSIVE;
				GCC_WARN_UNUSED_FUNCTION = YES;
				GCC_WARN_UNUSED_VARIABLE = YES;
				IPHONEOS_DEPLOYMENT_TARGET = 9.0;
				MTL_ENABLE_DEBUG_INFO = NO;
				SDKROOT = iphoneos;
				TARGETED_DEVICE_FAMILY = "1,2";
				VALIDATE_PRODUCT = YES;
			};
			name = Release;
		};
		4652E45C1BD38C82009C36FA /* Debug */ = {
			isa = XCBuildConfiguration;
			buildSettings = {
				ASSETCATALOG_COMPILER_APPICON_NAME = AppIcon;
				CODE_SIGN_ENTITLEMENTS = LocalHealth/LocalHealth.entitlements;
				CODE_SIGN_IDENTITY = "iPhone Developer";
				"CODE_SIGN_IDENTITY[sdk=iphoneos*]" = "iPhone Developer";
				INFOPLIST_FILE = LocalHealth/Info.plist;
				LD_RUNPATH_SEARCH_PATHS = "$(inherited) @executable_path/Frameworks";
				PRODUCT_BUNDLE_IDENTIFIER = com.GilbertLadd.LocalHealth;
				PRODUCT_NAME = "$(TARGET_NAME)";
				PROVISIONING_PROFILE = "";
			};
			name = Debug;
		};
		4652E45D1BD38C82009C36FA /* Release */ = {
			isa = XCBuildConfiguration;
			buildSettings = {
				ASSETCATALOG_COMPILER_APPICON_NAME = AppIcon;
				CODE_SIGN_ENTITLEMENTS = LocalHealth/LocalHealth.entitlements;
				CODE_SIGN_IDENTITY = "iPhone Developer";
				"CODE_SIGN_IDENTITY[sdk=iphoneos*]" = "iPhone Developer";
				INFOPLIST_FILE = LocalHealth/Info.plist;
				LD_RUNPATH_SEARCH_PATHS = "$(inherited) @executable_path/Frameworks";
				PRODUCT_BUNDLE_IDENTIFIER = com.GilbertLadd.LocalHealth;
				PRODUCT_NAME = "$(TARGET_NAME)";
				PROVISIONING_PROFILE = "";
			};
			name = Release;
		};
/* End XCBuildConfiguration section */

/* Begin XCConfigurationList section */
		4652E4441BD38C82009C36FA /* Build configuration list for PBXProject "LocalHealth" */ = {
			isa = XCConfigurationList;
			buildConfigurations = (
				4652E4591BD38C82009C36FA /* Debug */,
				4652E45A1BD38C82009C36FA /* Release */,
			);
			defaultConfigurationIsVisible = 0;
			defaultConfigurationName = Release;
		};
		4652E45B1BD38C82009C36FA /* Build configuration list for PBXNativeTarget "LocalHealth" */ = {
			isa = XCConfigurationList;
			buildConfigurations = (
				4652E45C1BD38C82009C36FA /* Debug */,
				4652E45D1BD38C82009C36FA /* Release */,
			);
			defaultConfigurationIsVisible = 0;
			defaultConfigurationName = Release;
		};
/* End XCConfigurationList section */
	};
	rootObject = 4652E4411BD38C82009C36FA /* Project object */;
}
